
Microsoft Visual Studio Solution File, Format Version 12.00
# Visual Studio Version 17
VisualStudioVersion = 17.14.36511.14 d17.14
MinimumVisualStudioVersion = 10.0.40219.1
Project("{FAE04EC0-301F-11D3-BF4B-00C04F79EFBC}") = "WebApiForGauge", "WebApiForGauge\WebApiForGauge.csproj", "{56AB871C-B686-4A3D-9623-EA0A1FADBFD1}"
EndProject
Global
	GlobalSection(SolutionConfigurationPlatforms) = preSolution
		Debug|Any CPU = Debug|Any CPU
		Release|Any CPU = Release|Any CPU
	EndGlobalSection
	GlobalSection(ProjectConfigurationPlatforms) = postSolution
		{56AB871C-B686-4A3D-9623-EA0A1FADBFD1}.Debug|Any CPU.ActiveCfg = Debug|Any CPU
		{56AB871C-B686-4A3D-9623-EA0A1FADBFD1}.Debug|Any CPU.Build.0 = Debug|Any CPU
		{56AB871C-B686-4A3D-9623-EA0A1FADBFD1}.Release|Any CPU.ActiveCfg = Release|Any CPU
		{56AB871C-B686-4A3D-9623-EA0A1FADBFD1}.Release|Any CPU.Build.0 = Release|Any CPU
	EndGlobalSection
	GlobalSection(SolutionProperties) = preSolution
		HideSolutionNode = FALSE
	EndGlobalSection
	GlobalSection(ExtensibilityGlobals) = postSolution
		SolutionGuid = {85012D7F-1E0F-4F46-B296-92642EB11FD7}
	EndGlobalSection
EndGlobal
